
Microsoft Visual Studio Solution File, Format Version 12.00
# Visual Studio Version 16
VisualStudioVersion = 16.0.29020.237
MinimumVisualStudioVersion = 10.0.40219.1
Project("{9A19103F-16F7-4668-BE54-9A1E7A4F7556}") = "LibrarySystem.UnitTest", "LibrarySystem.UnitTest\LibrarySystem.UnitTest.csproj", "{3B7684FC-3204-4A61-8E00-0FCDC5CF08F5}"
EndProject
Project("{9A19103F-16F7-4668-BE54-9A1E7A4F7556}") = "LibrarySystem.Services", "LibrarySystem.Services\LibrarySystem.Services.csproj", "{44553F41-3203-4FFA-952B-C213CFE7C68F}"
EndProject
Project("{9A19103F-16F7-4668-BE54-9A1E7A4F7556}") = "LibrarySystem.Models", "LibrarySystem.Models\LibrarySystem.Models.csproj", "{B53D36FC-1AF8-4D6C-B299-97967647719C}"
EndProject
Project("{9A19103F-16F7-4668-BE54-9A1E7A4F7556}") = "LibrarySystem.DbContext", "LibrarySystem.DbContext\LibrarySystem.DbContext.csproj", "{4DE9EADE-D946-42E2-A405-514BC9D368B8}"
EndProject
Project("{9A19103F-16F7-4668-BE54-9A1E7A4F7556}") = "LibrarySystem.Web", "LibrarySystem.Web\LibrarySystem.Web.csproj", "{9E890332-B440-4589-A78D-878A475457B0}"
EndProject
Global
	GlobalSection(SolutionConfigurationPlatforms) = preSolution
		Debug|Any CPU = Debug|Any CPU
		Release|Any CPU = Release|Any CPU
	EndGlobalSection
	GlobalSection(ProjectConfigurationPlatforms) = postSolution
		{3B7684FC-3204-4A61-8E00-0FCDC5CF08F5}.Debug|Any CPU.ActiveCfg = Debug|Any CPU
		{3B7684FC-3204-4A61-8E00-0FCDC5CF08F5}.Debug|Any CPU.Build.0 = Debug|Any CPU
		{3B7684FC-3204-4A61-8E00-0FCDC5CF08F5}.Release|Any CPU.ActiveCfg = Release|Any CPU
		{3B7684FC-3204-4A61-8E00-0FCDC5CF08F5}.Release|Any CPU.Build.0 = Release|Any CPU
		{44553F41-3203-4FFA-952B-C213CFE7C68F}.Debug|Any CPU.ActiveCfg = Debug|Any CPU
		{44553F41-3203-4FFA-952B-C213CFE7C68F}.Debug|Any CPU.Build.0 = Debug|Any CPU
		{44553F41-3203-4FFA-952B-C213CFE7C68F}.Release|Any CPU.ActiveCfg = Release|Any CPU
		{44553F41-3203-4FFA-952B-C213CFE7C68F}.Release|Any CPU.Build.0 = Release|Any CPU
		{B53D36FC-1AF8-4D6C-B299-97967647719C}.Debug|Any CPU.ActiveCfg = Debug|Any CPU
		{B53D36FC-1AF8-4D6C-B299-97967647719C}.Debug|Any CPU.Build.0 = Debug|Any CPU
		{B53D36FC-1AF8-4D6C-B299-97967647719C}.Release|Any CPU.ActiveCfg = Release|Any CPU
		{B53D36FC-1AF8-4D6C-B299-97967647719C}.Release|Any CPU.Build.0 = Release|Any CPU
		{4DE9EADE-D946-42E2-A405-514BC9D368B8}.Debug|Any CPU.ActiveCfg = Debug|Any CPU
		{4DE9EADE-D946-42E2-A405-514BC9D368B8}.Debug|Any CPU.Build.0 = Debug|Any CPU
		{4DE9EADE-D946-42E2-A405-514BC9D368B8}.Release|Any CPU.ActiveCfg = Release|Any CPU
		{4DE9EADE-D946-42E2-A405-514BC9D368B8}.Release|Any CPU.Build.0 = Release|Any CPU
		{9E890332-B440-4589-A78D-878A475457B0}.Debug|Any CPU.ActiveCfg = Debug|Any CPU
		{9E890332-B440-4589-A78D-878A475457B0}.Debug|Any CPU.Build.0 = Debug|Any CPU
		{9E890332-B440-4589-A78D-878A475457B0}.Release|Any CPU.ActiveCfg = Release|Any CPU
		{9E890332-B440-4589-A78D-878A475457B0}.Release|Any CPU.Build.0 = Release|Any CPU
	EndGlobalSection
	GlobalSection(SolutionProperties) = preSolution
		HideSolutionNode = FALSE
	EndGlobalSection
	GlobalSection(ExtensibilityGlobals) = postSolution
		SolutionGuid = {8B009F61-BE42-4EA0-AA04-EF2C54AD5CA9}
	EndGlobalSection
EndGlobal
